
Microsoft Visual Studio Solution File, Format Version 12.00
# Visual Studio Version 17
VisualStudioVersion = 17.11.35312.102
MinimumVisualStudioVersion = 10.0.40219.1
Project("{9A19103F-16F7-4668-BE54-9A1E7A4F7556}") = "GivFlowAPI", "GivFlowAPI\GivFlowAPI.csproj", "{1381386B-1DDC-43E7-80F5-BE05DBD10DE2}"
EndProject
Project("{9A19103F-16F7-4668-BE54-9A1E7A4F7556}") = "GivFlow.Data", "GivFlow.Data\GivFlow.Data.csproj", "{F1E5FF39-D0BD-4FC8-8515-F3C9B3C31E04}"
EndProject
Project("{2150E333-8FDC-42A3-9474-1A3956D46DE8}") = "Solution Items", "Solution Items", "{C88EAC07-9A57-4584-A094-46F50EA02210}"
EndProject
Project("{FAE04EC0-301F-11D3-BF4B-00C04F79EFBC}") = "GivFlo.Services", "GivFlo.Services\GivFlo.Services.csproj", "{0EF39587-4F79-4E60-B5F9-78BEDAF856FF}"
EndProject
Project("{FAE04EC0-301F-11D3-BF4B-00C04F79EFBC}") = "GivFlo.Configuration", "GivFlo.Configuration\GivFlo.Configuration.csproj", "{7A21BCF1-63EA-4CE9-B071-BB55AFEEC04C}"
EndProject
Global
	GlobalSection(SolutionConfigurationPlatforms) = preSolution
		Debug|Any CPU = Debug|Any CPU
		Release|Any CPU = Release|Any CPU
	EndGlobalSection
	GlobalSection(ProjectConfigurationPlatforms) = postSolution
		{1381386B-1DDC-43E7-80F5-BE05DBD10DE2}.Debug|Any CPU.ActiveCfg = Debug|Any CPU
		{1381386B-1DDC-43E7-80F5-BE05DBD10DE2}.Debug|Any CPU.Build.0 = Debug|Any CPU
		{1381386B-1DDC-43E7-80F5-BE05DBD10DE2}.Release|Any CPU.ActiveCfg = Release|Any CPU
		{1381386B-1DDC-43E7-80F5-BE05DBD10DE2}.Release|Any CPU.Build.0 = Release|Any CPU
		{F1E5FF39-D0BD-4FC8-8515-F3C9B3C31E04}.Debug|Any CPU.ActiveCfg = Debug|Any CPU
		{F1E5FF39-D0BD-4FC8-8515-F3C9B3C31E04}.Debug|Any CPU.Build.0 = Debug|Any CPU
		{F1E5FF39-D0BD-4FC8-8515-F3C9B3C31E04}.Release|Any CPU.ActiveCfg = Release|Any CPU
		{F1E5FF39-D0BD-4FC8-8515-F3C9B3C31E04}.Release|Any CPU.Build.0 = Release|Any CPU
		{0EF39587-4F79-4E60-B5F9-78BEDAF856FF}.Debug|Any CPU.ActiveCfg = Debug|Any CPU
		{0EF39587-4F79-4E60-B5F9-78BEDAF856FF}.Debug|Any CPU.Build.0 = Debug|Any CPU
		{0EF39587-4F79-4E60-B5F9-78BEDAF856FF}.Release|Any CPU.ActiveCfg = Release|Any CPU
		{0EF39587-4F79-4E60-B5F9-78BEDAF856FF}.Release|Any CPU.Build.0 = Release|Any CPU
		{7A21BCF1-63EA-4CE9-B071-BB55AFEEC04C}.Debug|Any CPU.ActiveCfg = Debug|Any CPU
		{7A21BCF1-63EA-4CE9-B071-BB55AFEEC04C}.Debug|Any CPU.Build.0 = Debug|Any CPU
		{7A21BCF1-63EA-4CE9-B071-BB55AFEEC04C}.Release|Any CPU.ActiveCfg = Release|Any CPU
		{7A21BCF1-63EA-4CE9-B071-BB55AFEEC04C}.Release|Any CPU.Build.0 = Release|Any CPU
	EndGlobalSection
	GlobalSection(SolutionProperties) = preSolution
		HideSolutionNode = FALSE
	EndGlobalSection
	GlobalSection(ExtensibilityGlobals) = postSolution
		SolutionGuid = {56ECA940-C40B-426F-A183-6D4B4BBD5B1E}
	EndGlobalSection
EndGlobal
